// !$*UTF8*$!
{
	archiveVersion = 1;
	classes = {
	};
	objectVersion = 56;
	objects = {

/* Begin PBXBuildFile section */
		47811E572BD69FDB00684F4F /* Sprint2App.swift in Sources */ = {isa = PBXBuildFile; fileRef = 47811E562BD69FDB00684F4F /* Sprint2App.swift */; };
		47811E5B2BD69FDB00684F4F /* Item.swift in Sources */ = {isa = PBXBuildFile; fileRef = 47811E5A2BD69FDB00684F4F /* Item.swift */; };
		47811E5D2BD69FDE00684F4F /* Assets.xcassets in Resources */ = {isa = PBXBuildFile; fileRef = 47811E5C2BD69FDE00684F4F /* Assets.xcassets */; };
		47811E602BD69FDE00684F4F /* Preview Assets.xcassets in Resources */ = {isa = PBXBuildFile; fileRef = 47811E5F2BD69FDE00684F4F /* Preview Assets.xcassets */; };
		47811E6A2BD69FDF00684F4F /* Sprint2Tests.swift in Sources */ = {isa = PBXBuildFile; fileRef = 47811E692BD69FDF00684F4F /* Sprint2Tests.swift */; };
		47811E742BD69FDF00684F4F /* Sprint2UITests.swift in Sources */ = {isa = PBXBuildFile; fileRef = 47811E732BD69FDF00684F4F /* Sprint2UITests.swift */; };
		47811E762BD69FDF00684F4F /* Sprint2UITestsLaunchTests.swift in Sources */ = {isa = PBXBuildFile; fileRef = 47811E752BD69FDF00684F4F /* Sprint2UITestsLaunchTests.swift */; };
		47811E832BD6A16600684F4F /* MainView.swift in Sources */ = {isa = PBXBuildFile; fileRef = 47811E822BD6A16600684F4F /* MainView.swift */; };
		47811E882BD6AC3400684F4F /* EntradaDatos.swift in Sources */ = {isa = PBXBuildFile; fileRef = 47811E872BD6AC3400684F4F /* EntradaDatos.swift */; };
		47BCE8502BE375EE00550DE6 /* calculadora.swift in Sources */ = {isa = PBXBuildFile; fileRef = 47BCE84F2BE375EE00550DE6 /* calculadora.swift */; };
		47F805572BE7FE5F0018A5C9 /* Resultado.swift in Sources */ = {isa = PBXBuildFile; fileRef = 47F805562BE7FE5F0018A5C9 /* Resultado.swift */; };
/* End PBXBuildFile section */

/* Begin PBXContainerItemProxy section */
		47811E662BD69FDF00684F4F /* PBXContainerItemProxy */ = {
			isa = PBXContainerItemProxy;
			containerPortal = 47811E4B2BD69FDB00684F4F /* Project object */;
			proxyType = 1;
			remoteGlobalIDString = 47811E522BD69FDB00684F4F;
			remoteInfo = Sprint2;
		};
		47811E702BD69FDF00684F4F /* PBXContainerItemProxy */ = {
			isa = PBXContainerItemProxy;
			containerPortal = 47811E4B2BD69FDB00684F4F /* Project object */;
			proxyType = 1;
			remoteGlobalIDString = 47811E522BD69FDB00684F4F;
			remoteInfo = Sprint2;
		};
/* End PBXContainerItemProxy section */

/* Begin PBXFileReference section */
		47811E532BD69FDB00684F4F /* Sprint2.app */ = {isa = PBXFileReference; explicitFileType = wrapper.application; includeInIndex = 0; path = Sprint2.app; sourceTree = BUILT_PRODUCTS_DIR; };
		47811E562BD69FDB00684F4F /* Sprint2App.swift */ = {isa = PBXFileReference; lastKnownFileType = sourcecode.swift; path = Sprint2App.swift; sourceTree = "<group>"; };
		47811E5A2BD69FDB00684F4F /* Item.swift */ = {isa = PBXFileReference; lastKnownFileType = sourcecode.swift; path = Item.swift; sourceTree = "<group>"; };
		47811E5C2BD69FDE00684F4F /* Assets.xcassets */ = {isa = PBXFileReference; lastKnownFileType = folder.assetcatalog; path = Assets.xcassets; sourceTree = "<group>"; };
		47811E5F2BD69FDE00684F4F /* Preview Assets.xcassets */ = {isa = PBXFileReference; lastKnownFileType = folder.assetcatalog; path = "Preview Assets.xcassets"; sourceTree = "<group>"; };
		47811E652BD69FDF00684F4F /* Sprint2Tests.xctest */ = {isa = PBXFileReference; explicitFileType = wrapper.cfbundle; includeInIndex = 0; path = Sprint2Tests.xctest; sourceTree = BUILT_PRODUCTS_DIR; };
		47811E692BD69FDF00684F4F /* Sprint2Tests.swift */ = {isa = PBXFileReference; lastKnownFileType = sourcecode.swift; path = Sprint2Tests.swift; sourceTree = "<group>"; };
		47811E6F2BD69FDF00684F4F /* Sprint2UITests.xctest */ = {isa = PBXFileReference; explicitFileType = wrapper.cfbundle; includeInIndex = 0; path = Sprint2UITests.xctest; sourceTree = BUILT_PRODUCTS_DIR; };
		47811E732BD69FDF00684F4F /* Sprint2UITests.swift */ = {isa = PBXFileReference; lastKnownFileType = sourcecode.swift; path = Sprint2UITests.swift; sourceTree = "<group>"; };
		47811E752BD69FDF00684F4F /* Sprint2UITestsLaunchTests.swift */ = {isa = PBXFileReference; lastKnownFileType = sourcecode.swift; path = Sprint2UITestsLaunchTests.swift; sourceTree = "<group>"; };
		47811E822BD6A16600684F4F /* MainView.swift */ = {isa = PBXFileReference; lastKnownFileType = sourcecode.swift; path = MainView.swift; sourceTree = "<group>"; };
		47811E872BD6AC3400684F4F /* EntradaDatos.swift */ = {isa = PBXFileReference; lastKnownFileType = sourcecode.swift; path = EntradaDatos.swift; sourceTree = "<group>"; };
		47BCE84F2BE375EE00550DE6 /* calculadora.swift */ = {isa = PBXFileReference; lastKnownFileType = sourcecode.swift; path = calculadora.swift; sourceTree = "<group>"; };
		47F805562BE7FE5F0018A5C9 /* Resultado.swift */ = {isa = PBXFileReference; lastKnownFileType = sourcecode.swift; path = Resultado.swift; sourceTree = "<group>"; };
/* End PBXFileReference section */

/* Begin PBXFrameworksBuildPhase section */
		47811E502BD69FDB00684F4F /* Frameworks */ = {
			isa = PBXFrameworksBuildPhase;
			buildActionMask = 2147483647;
			files = (
			);
			runOnlyForDeploymentPostprocessing = 0;
		};
		47811E622BD69FDF00684F4F /* Frameworks */ = {
			isa = PBXFrameworksBuildPhase;
			buildActionMask = 2147483647;
			files = (
			);
			runOnlyForDeploymentPostprocessing = 0;
		};
		47811E6C2BD69FDF00684F4F /* Frameworks */ = {
			isa = PBXFrameworksBuildPhase;
			buildActionMask = 2147483647;
			files = (
			);
			runOnlyForDeploymentPostprocessing = 0;
		};
/* End PBXFrameworksBuildPhase section */

/* Begin PBXGroup section */
		47811E4A2BD69FDB00684F4F = {
			isa = PBXGroup;
			children = (
				47811E552BD69FDB00684F4F /* Sprint2 */,
				47811E682BD69FDF00684F4F /* Sprint2Tests */,
				47811E722BD69FDF00684F4F /* Sprint2UITests */,
				47811E542BD69FDB00684F4F /* Products */,
			);
			sourceTree = "<group>";
		};
		47811E542BD69FDB00684F4F /* Products */ = {
			isa = PBXGroup;
			children = (
				47811E532BD69FDB00684F4F /* Sprint2.app */,
				47811E652BD69FDF00684F4F /* Sprint2Tests.xctest */,
				47811E6F2BD69FDF00684F4F /* Sprint2UITests.xctest */,
			);
			name = Products;
			sourceTree = "<group>";
		};
		47811E552BD69FDB00684F4F /* Sprint2 */ = {
			isa = PBXGroup;
			children = (
				47811E862BD6A5D600684F4F /* datos */,
				47811E852BD6A5CA00684F4F /* dominio */,
				47811E842BD6A5B700684F4F /* presentacion */,
				47811E562BD69FDB00684F4F /* Sprint2App.swift */,
				47811E5A2BD69FDB00684F4F /* Item.swift */,
				47811E5C2BD69FDE00684F4F /* Assets.xcassets */,
				47811E5E2BD69FDE00684F4F /* Preview Content */,
			);
			path = Sprint2;
			sourceTree = "<group>";
		};
		47811E5E2BD69FDE00684F4F /* Preview Content */ = {
			isa = PBXGroup;
			children = (
				47811E5F2BD69FDE00684F4F /* Preview Assets.xcassets */,
			);
			path = "Preview Content";
			sourceTree = "<group>";
		};
		47811E682BD69FDF00684F4F /* Sprint2Tests */ = {
			isa = PBXGroup;
			children = (
				47811E692BD69FDF00684F4F /* Sprint2Tests.swift */,
			);
			path = Sprint2Tests;
			sourceTree = "<group>";
		};
		47811E722BD69FDF00684F4F /* Sprint2UITests */ = {
			isa = PBXGroup;
			children = (
				47811E732BD69FDF00684F4F /* Sprint2UITests.swift */,
				47811E752BD69FDF00684F4F /* Sprint2UITestsLaunchTests.swift */,
			);
			path = Sprint2UITests;
			sourceTree = "<group>";
		};
		47811E842BD6A5B700684F4F /* presentacion */ = {
			isa = PBXGroup;
			children = (
				47811E822BD6A16600684F4F /* MainView.swift */,
				47811E872BD6AC3400684F4F /* EntradaDatos.swift */,
				47F805562BE7FE5F0018A5C9 /* Resultado.swift */,
			);
			path = presentacion;
			sourceTree = "<group>";
		};
		47811E852BD6A5CA00684F4F /* dominio */ = {
			isa = PBXGroup;
			children = (
				47BCE84F2BE375EE00550DE6 /* calculadora.swift */,
			);
			path = dominio;
			sourceTree = "<group>";
		};
		47811E862BD6A5D600684F4F /* datos */ = {
			isa = PBXGroup;
			children = (
			);
			path = datos;
			sourceTree = "<group>";
		};
/* End PBXGroup section */

/* Begin PBXNativeTarget section */
		47811E522BD69FDB00684F4F /* Sprint2 */ = {
			isa = PBXNativeTarget;
			buildConfigurationList = 47811E792BD69FDF00684F4F /* Build configuration list for PBXNativeTarget "Sprint2" */;
			buildPhases = (
				47811E4F2BD69FDB00684F4F /* Sources */,
				47811E502BD69FDB00684F4F /* Frameworks */,
				47811E512BD69FDB00684F4F /* Resources */,
			);
			buildRules = (
			);
			dependencies = (
			);
			name = Sprint2;
			productName = Sprint2;
			productReference = 47811E532BD69FDB00684F4F /* Sprint2.app */;
			productType = "com.apple.product-type.application";
		};
		47811E642BD69FDF00684F4F /* Sprint2Tests */ = {
			isa = PBXNativeTarget;
			buildConfigurationList = 47811E7C2BD69FDF00684F4F /* Build configuration list for PBXNativeTarget "Sprint2Tests" */;
			buildPhases = (
				47811E612BD69FDF00684F4F /* Sources */,
				47811E622BD69FDF00684F4F /* Frameworks */,
				47811E632BD69FDF00684F4F /* Resources */,
			);
			buildRules = (
			);
			dependencies = (
				47811E672BD69FDF00684F4F /* PBXTargetDependency */,
			);
			name = Sprint2Tests;
			productName = Sprint2Tests;
			productReference = 47811E652BD69FDF00684F4F /* Sprint2Tests.xctest */;
			productType = "com.apple.product-type.bundle.unit-test";
		};
		47811E6E2BD69FDF00684F4F /* Sprint2UITests */ = {
			isa = PBXNativeTarget;
			buildConfigurationList = 47811E7F2BD69FDF00684F4F /* Build configuration list for PBXNativeTarget "Sprint2UITests" */;
			buildPhases = (
				47811E6B2BD69FDF00684F4F /* Sources */,
				47811E6C2BD69FDF00684F4F /* Frameworks */,
				47811E6D2BD69FDF00684F4F /* Resources */,
			);
			buildRules = (
			);
			dependencies = (
				47811E712BD69FDF00684F4F /* PBXTargetDependency */,
			);
			name = Sprint2UITests;
			productName = Sprint2UITests;
			productReference = 47811E6F2BD69FDF00684F4F /* Sprint2UITests.xctest */;
			productType = "com.apple.product-type.bundle.ui-testing";
		};
/* End PBXNativeTarget section */

/* Begin PBXProject section */
		47811E4B2BD69FDB00684F4F /* Project object */ = {
			isa = PBXProject;
			attributes = {
				BuildIndependentTargetsInParallel = 1;
				LastSwiftUpdateCheck = 1530;
				LastUpgradeCheck = 1530;
				TargetAttributes = {
					47811E522BD69FDB00684F4F = {
						CreatedOnToolsVersion = 15.3;
					};
					47811E642BD69FDF00684F4F = {
						CreatedOnToolsVersion = 15.3;
						TestTargetID = 47811E522BD69FDB00684F4F;
					};
					47811E6E2BD69FDF00684F4F = {
						CreatedOnToolsVersion = 15.3;
						TestTargetID = 47811E522BD69FDB00684F4F;
					};
				};
			};
			buildConfigurationList = 47811E4E2BD69FDB00684F4F /* Build configuration list for PBXProject "Sprint2" */;
			compatibilityVersion = "Xcode 14.0";
			developmentRegion = en;
			hasScannedForEncodings = 0;
			knownRegions = (
				en,
				Base,
			);
			mainGroup = 47811E4A2BD69FDB00684F4F;
			productRefGroup = 47811E542BD69FDB00684F4F /* Products */;
			projectDirPath = "";
			projectRoot = "";
			targets = (
				47811E522BD69FDB00684F4F /* Sprint2 */,
				47811E642BD69FDF00684F4F /* Sprint2Tests */,
				47811E6E2BD69FDF00684F4F /* Sprint2UITests */,
			);
		};
/* End PBXProject section */

/* Begin PBXResourcesBuildPhase section */
		47811E512BD69FDB00684F4F /* Resources */ = {
			isa = PBXResourcesBuildPhase;
			buildActionMask = 2147483647;
			files = (
				47811E602BD69FDE00684F4F /* Preview Assets.xcassets in Resources */,
				47811E5D2BD69FDE00684F4F /* Assets.xcassets in Resources */,
			);
			runOnlyForDeploymentPostprocessing = 0;
		};
		47811E632BD69FDF00684F4F /* Resources */ = {
			isa = PBXResourcesBuildPhase;
			buildActionMask = 2147483647;
			files = (
			);
			runOnlyForDeploymentPostprocessing = 0;
		};
		47811E6D2BD69FDF00684F4F /* Resources */ = {
			isa = PBXResourcesBuildPhase;
			buildActionMask = 2147483647;
			files = (
			);
			runOnlyForDeploymentPostprocessing = 0;
		};
/* End PBXResourcesBuildPhase section */

/* Begin PBXSourcesBuildPhase section */
		47811E4F2BD69FDB00684F4F /* Sources */ = {
			isa = PBXSourcesBuildPhase;
			buildActionMask = 2147483647;
			files = (
				47811E5B2BD69FDB00684F4F /* Item.swift in Sources */,
				47BCE8502BE375EE00550DE6 /* calculadora.swift in Sources */,
				47811E832BD6A16600684F4F /* MainView.swift in Sources */,
				47F805572BE7FE5F0018A5C9 /* Resultado.swift in Sources */,
				47811E572BD69FDB00684F4F /* Sprint2App.swift in Sources */,
				47811E882BD6AC3400684F4F /* EntradaDatos.swift in Sources */,
			);
			runOnlyForDeploymentPostprocessing = 0;
		};
		47811E612BD69FDF00684F4F /* Sources */ = {
			isa = PBXSourcesBuildPhase;
			buildActionMask = 2147483647;
			files = (
				47811E6A2BD69FDF00684F4F /* Sprint2Tests.swift in Sources */,
			);
			runOnlyForDeploymentPostprocessing = 0;
		};
		47811E6B2BD69FDF00684F4F /* Sources */ = {
			isa = PBXSourcesBuildPhase;
			buildActionMask = 2147483647;
			files = (
				47811E742BD69FDF00684F4F /* Sprint2UITests.swift in Sources */,
				47811E762BD69FDF00684F4F /* Sprint2UITestsLaunchTests.swift in Sources */,
			);
			runOnlyForDeploymentPostprocessing = 0;
		};
/* End PBXSourcesBuildPhase section */

/* Begin PBXTargetDependency section */
		47811E672BD69FDF00684F4F /* PBXTargetDependency */ = {
			isa = PBXTargetDependency;
			target = 47811E522BD69FDB00684F4F /* Sprint2 */;
			targetProxy = 47811E662BD69FDF00684F4F /* PBXContainerItemProxy */;
		};
		47811E712BD69FDF00684F4F /* PBXTargetDependency */ = {
			isa = PBXTargetDependency;
			target = 47811E522BD69FDB00684F4F /* Sprint2 */;
			targetProxy = 47811E702BD69FDF00684F4F /* PBXContainerItemProxy */;
		};
/* End PBXTargetDependency section */

/* Begin XCBuildConfiguration section */
		47811E772BD69FDF00684F4F /* Debug */ = {
			isa = XCBuildConfiguration;
			buildSettings = {
				ALWAYS_SEARCH_USER_PATHS = NO;
				ASSETCATALOG_COMPILER_GENERATE_SWIFT_ASSET_SYMBOL_EXTENSIONS = YES;
				CLANG_ANALYZER_NONNULL = YES;
				CLANG_ANALYZER_NUMBER_OBJECT_CONVERSION = YES_AGGRESSIVE;
				CLANG_CXX_LANGUAGE_STANDARD = "gnu++20";
				CLANG_ENABLE_MODULES = YES;
				CLANG_ENABLE_OBJC_ARC = YES;
				CLANG_ENABLE_OBJC_WEAK = YES;
				CLANG_WARN_BLOCK_CAPTURE_AUTORELEASING = YES;
				CLANG_WARN_BOOL_CONVERSION = YES;
				CLANG_WARN_COMMA = YES;
				CLANG_WARN_CONSTANT_CONVERSION = YES;
				CLANG_WARN_DEPRECATED_OBJC_IMPLEMENTATIONS = YES;
				CLANG_WARN_DIRECT_OBJC_ISA_USAGE = YES_ERROR;
				CLANG_WARN_DOCUMENTATION_COMMENTS = YES;
				CLANG_WARN_EMPTY_BODY = YES;
				CLANG_WARN_ENUM_CONVERSION = YES;
				CLANG_WARN_INFINITE_RECURSION = YES;
				CLANG_WARN_INT_CONVERSION = YES;
				CLANG_WARN_NON_LITERAL_NULL_CONVERSION = YES;
				CLANG_WARN_OBJC_IMPLICIT_RETAIN_SELF = YES;
				CLANG_WARN_OBJC_LITERAL_CONVERSION = YES;
				CLANG_WARN_OBJC_ROOT_CLASS = YES_ERROR;
				CLANG_WARN_QUOTED_INCLUDE_IN_FRAMEWORK_HEADER = YES;
				CLANG_WARN_RANGE_LOOP_ANALYSIS = YES;
				CLANG_WARN_STRICT_PROTOTYPES = YES;
				CLANG_WARN_SUSPICIOUS_MOVE = YES;
				CLANG_WARN_UNGUARDED_AVAILABILITY = YES_AGGRESSIVE;
				CLANG_WARN_UNREACHABLE_CODE = YES;
				CLANG_WARN__DUPLICATE_METHOD_MATCH = YES;
				COPY_PHASE_STRIP = NO;
				DEBUG_INFORMATION_FORMAT = dwarf;
				ENABLE_STRICT_OBJC_MSGSEND = YES;
				ENABLE_TESTABILITY = YES;
				ENABLE_USER_SCRIPT_SANDBOXING = YES;
				GCC_C_LANGUAGE_STANDARD = gnu17;
				GCC_DYNAMIC_NO_PIC = NO;
				GCC_NO_COMMON_BLOCKS = YES;
				GCC_OPTIMIZATION_LEVEL = 0;
				GCC_PREPROCESSOR_DEFINITIONS = (
					"DEBUG=1",
					"$(inherited)",
				);
				GCC_WARN_64_TO_32_BIT_CONVERSION = YES;
				GCC_WARN_ABOUT_RETURN_TYPE = YES_ERROR;
				GCC_WARN_UNDECLARED_SELECTOR = YES;
				GCC_WARN_UNINITIALIZED_AUTOS = YES_AGGRESSIVE;
				GCC_WARN_UNUSED_FUNCTION = YES;
				GCC_WARN_UNUSED_VARIABLE = YES;
				IPHONEOS_DEPLOYMENT_TARGET = 17.4;
				LOCALIZATION_PREFERS_STRING_CATALOGS = YES;
				MTL_ENABLE_DEBUG_INFO = INCLUDE_SOURCE;
				MTL_FAST_MATH = YES;
				ONLY_ACTIVE_ARCH = YES;
				SDKROOT = iphoneos;
				SWIFT_ACTIVE_COMPILATION_CONDITIONS = "DEBUG $(inherited)";
				SWIFT_OPTIMIZATION_LEVEL = "-Onone";
			};
			name = Debug;
		};
		47811E782BD69FDF00684F4F /* Release */ = {
			isa = XCBuildConfiguration;
			buildSettings = {
				ALWAYS_SEARCH_USER_PATHS = NO;
				ASSETCATALOG_COMPILER_GENERATE_SWIFT_ASSET_SYMBOL_EXTENSIONS = YES;
				CLANG_ANALYZER_NONNULL = YES;
				CLANG_ANALYZER_NUMBER_OBJECT_CONVERSION = YES_AGGRESSIVE;
				CLANG_CXX_LANGUAGE_STANDARD = "gnu++20";
				CLANG_ENABLE_MODULES = YES;
				CLANG_ENABLE_OBJC_ARC = YES;
				CLANG_ENABLE_OBJC_WEAK = YES;
				CLANG_WARN_BLOCK_CAPTURE_AUTORELEASING = YES;
				CLANG_WARN_BOOL_CONVERSION = YES;
				CLANG_WARN_COMMA = YES;
				CLANG_WARN_CONSTANT_CONVERSION = YES;
				CLANG_WARN_DEPRECATED_OBJC_IMPLEMENTATIONS = YES;
				CLANG_WARN_DIRECT_OBJC_ISA_USAGE = YES_ERROR;
				CLANG_WARN_DOCUMENTATION_COMMENTS = YES;
				CLANG_WARN_EMPTY_BODY = YES;
				CLANG_WARN_ENUM_CONVERSION = YES;
				CLANG_WARN_INFINITE_RECURSION = YES;
				CLANG_WARN_INT_CONVERSION = YES;
				CLANG_WARN_NON_LITERAL_NULL_CONVERSION = YES;
				CLANG_WARN_OBJC_IMPLICIT_RETAIN_SELF = YES;
				CLANG_WARN_OBJC_LITERAL_CONVERSION = YES;
				CLANG_WARN_OBJC_ROOT_CLASS = YES_ERROR;
				CLANG_WARN_QUOTED_INCLUDE_IN_FRAMEWORK_HEADER = YES;
				CLANG_WARN_RANGE_LOOP_ANALYSIS = YES;
				CLANG_WARN_STRICT_PROTOTYPES = YES;
				CLANG_WARN_SUSPICIOUS_MOVE = YES;
				CLANG_WARN_UNGUARDED_AVAILABILITY = YES_AGGRESSIVE;
				CLANG_WARN_UNREACHABLE_CODE = YES;
				CLANG_WARN__DUPLICATE_METHOD_MATCH = YES;
				COPY_PHASE_STRIP = NO;
				DEBUG_INFORMATION_FORMAT = "dwarf-with-dsym";
				ENABLE_NS_ASSERTIONS = NO;
				ENABLE_STRICT_OBJC_MSGSEND = YES;
				ENABLE_USER_SCRIPT_SANDBOXING = YES;
				GCC_C_LANGUAGE_STANDARD = gnu17;
				GCC_NO_COMMON_BLOCKS = YES;
				GCC_WARN_64_TO_32_BIT_CONVERSION = YES;
				GCC_WARN_ABOUT_RETURN_TYPE = YES_ERROR;
				GCC_WARN_UNDECLARED_SELECTOR = YES;
				GCC_WARN_UNINITIALIZED_AUTOS = YES_AGGRESSIVE;
				GCC_WARN_UNUSED_FUNCTION = YES;
				GCC_WARN_UNUSED_VARIABLE = YES;
				IPHONEOS_DEPLOYMENT_TARGET = 17.4;
				LOCALIZATION_PREFERS_STRING_CATALOGS = YES;
				MTL_ENABLE_DEBUG_INFO = NO;
				MTL_FAST_MATH = YES;
				SDKROOT = iphoneos;
				SWIFT_COMPILATION_MODE = wholemodule;
				VALIDATE_PRODUCT = YES;
			};
			name = Release;
		};
		47811E7A2BD69FDF00684F4F /* Debug */ = {
			isa = XCBuildConfiguration;
			buildSettings = {
				ASSETCATALOG_COMPILER_APPICON_NAME = AppIcon;
				ASSETCATALOG_COMPILER_GLOBAL_ACCENT_COLOR_NAME = AccentColor;
				CODE_SIGN_STYLE = Automatic;
				CURRENT_PROJECT_VERSION = 1;
				DEVELOPMENT_ASSET_PATHS = "\"Sprint2/Preview Content\"";
				DEVELOPMENT_TEAM = UMG3XG3ASF;
				ENABLE_PREVIEWS = YES;
				GENERATE_INFOPLIST_FILE = YES;
				INFOPLIST_KEY_UIApplicationSceneManifest_Generation = YES;
				INFOPLIST_KEY_UIApplicationSupportsIndirectInputEvents = YES;
				INFOPLIST_KEY_UILaunchScreen_Generation = YES;
				INFOPLIST_KEY_UISupportedInterfaceOrientations_iPad = "UIInterfaceOrientationPortrait UIInterfaceOrientationPortraitUpsideDown UIInterfaceOrientationLandscapeLeft UIInterfaceOrientationLandscapeRight";
				INFOPLIST_KEY_UISupportedInterfaceOrientations_iPhone = "UIInterfaceOrientationPortrait UIInterfaceOrientationLandscapeLeft UIInterfaceOrientationLandscapeRight";
				LD_RUNPATH_SEARCH_PATHS = (
					"$(inherited)",
					"@executable_path/Frameworks",
				);
				MARKETING_VERSION = 1.0;
				PRODUCT_BUNDLE_IDENTIFIER = com.jumbo.Sprint2;
				PRODUCT_NAME = "$(TARGET_NAME)";
				SWIFT_EMIT_LOC_STRINGS = YES;
				SWIFT_VERSION = 5.0;
				TARGETED_DEVICE_FAMILY = "1,2";
			};
			name = Debug;
		};
		47811E7B2BD69FDF00684F4F /* Release */ = {
			isa = XCBuildConfiguration;
			buildSettings = {
				ASSETCATALOG_COMPILER_APPICON_NAME = AppIcon;
				ASSETCATALOG_COMPILER_GLOBAL_ACCENT_COLOR_NAME = AccentColor;
				CODE_SIGN_STYLE = Automatic;
				CURRENT_PROJECT_VERSION = 1;
				DEVELOPMENT_ASSET_PATHS = "\"Sprint2/Preview Content\"";
				DEVELOPMENT_TEAM = UMG3XG3ASF;
				ENABLE_PREVIEWS = YES;
				GENERATE_INFOPLIST_FILE = YES;
				INFOPLIST_KEY_UIApplicationSceneManifest_Generation = YES;
				INFOPLIST_KEY_UIApplicationSupportsIndirectInputEvents = YES;
				INFOPLIST_KEY_UILaunchScreen_Generation = YES;
				INFOPLIST_KEY_UISupportedInterfaceOrientations_iPad = "UIInterfaceOrientationPortrait UIInterfaceOrientationPortraitUpsideDown UIInterfaceOrientationLandscapeLeft UIInterfaceOrientationLandscapeRight";
				INFOPLIST_KEY_UISupportedInterfaceOrientations_iPhone = "UIInterfaceOrientationPortrait UIInterfaceOrientationLandscapeLeft UIInterfaceOrientationLandscapeRight";
				LD_RUNPATH_SEARCH_PATHS = (
					"$(inherited)",
					"@executable_path/Frameworks",
				);
				MARKETING_VERSION = 1.0;
				PRODUCT_BUNDLE_IDENTIFIER = com.jumbo.Sprint2;
				PRODUCT_NAME = "$(TARGET_NAME)";
				SWIFT_EMIT_LOC_STRINGS = YES;
				SWIFT_VERSION = 5.0;
				TARGETED_DEVICE_FAMILY = "1,2";
			};
			name = Release;
		};
		47811E7D2BD69FDF00684F4F /* Debug */ = {
			isa = XCBuildConfiguration;
			buildSettings = {
				ALWAYS_EMBED_SWIFT_STANDARD_LIBRARIES = YES;
				BUNDLE_LOADER = "$(TEST_HOST)";
				CODE_SIGN_STYLE = Automatic;
				CURRENT_PROJECT_VERSION = 1;
				GENERATE_INFOPLIST_FILE = YES;
				IPHONEOS_DEPLOYMENT_TARGET = 17.4;
				MARKETING_VERSION = 1.0;
				PRODUCT_BUNDLE_IDENTIFIER = com.jumbo.Sprint2Tests;
				PRODUCT_NAME = "$(TARGET_NAME)";
				SWIFT_EMIT_LOC_STRINGS = NO;
				SWIFT_VERSION = 5.0;
				TARGETED_DEVICE_FAMILY = "1,2";
				TEST_HOST = "$(BUILT_PRODUCTS_DIR)/Sprint2.app/$(BUNDLE_EXECUTABLE_FOLDER_PATH)/Sprint2";
			};
			name = Debug;
		};
		47811E7E2BD69FDF00684F4F /* Release */ = {
			isa = XCBuildConfiguration;
			buildSettings = {
				ALWAYS_EMBED_SWIFT_STANDARD_LIBRARIES = YES;
				BUNDLE_LOADER = "$(TEST_HOST)";
				CODE_SIGN_STYLE = Automatic;
				CURRENT_PROJECT_VERSION = 1;
				GENERATE_INFOPLIST_FILE = YES;
				IPHONEOS_DEPLOYMENT_TARGET = 17.4;
				MARKETING_VERSION = 1.0;
				PRODUCT_BUNDLE_IDENTIFIER = com.jumbo.Sprint2Tests;
				PRODUCT_NAME = "$(TARGET_NAME)";
				SWIFT_EMIT_LOC_STRINGS = NO;
				SWIFT_VERSION = 5.0;
				TARGETED_DEVICE_FAMILY = "1,2";
				TEST_HOST = "$(BUILT_PRODUCTS_DIR)/Sprint2.app/$(BUNDLE_EXECUTABLE_FOLDER_PATH)/Sprint2";
			};
			name = Release;
		};
		47811E802BD69FDF00684F4F /* Debug */ = {
			isa = XCBuildConfiguration;
			buildSettings = {
				ALWAYS_EMBED_SWIFT_STANDARD_LIBRARIES = YES;
				CODE_SIGN_STYLE = Automatic;
				CURRENT_PROJECT_VERSION = 1;
				GENERATE_INFOPLIST_FILE = YES;
				MARKETING_VERSION = 1.0;
				PRODUCT_BUNDLE_IDENTIFIER = com.jumbo.Sprint2UITests;
				PRODUCT_NAME = "$(TARGET_NAME)";
				SWIFT_EMIT_LOC_STRINGS = NO;
				SWIFT_VERSION = 5.0;
				TARGETED_DEVICE_FAMILY = "1,2";
				TEST_TARGET_NAME = Sprint2;
			};
			name = Debug;
		};
		47811E812BD69FDF00684F4F /* Release */ = {
			isa = XCBuildConfiguration;
			buildSettings = {
				ALWAYS_EMBED_SWIFT_STANDARD_LIBRARIES = YES;
				CODE_SIGN_STYLE = Automatic;
				CURRENT_PROJECT_VERSION = 1;
				GENERATE_INFOPLIST_FILE = YES;
				MARKETING_VERSION = 1.0;
				PRODUCT_BUNDLE_IDENTIFIER = com.jumbo.Sprint2UITests;
				PRODUCT_NAME = "$(TARGET_NAME)";
				SWIFT_EMIT_LOC_STRINGS = NO;
				SWIFT_VERSION = 5.0;
				TARGETED_DEVICE_FAMILY = "1,2";
				TEST_TARGET_NAME = Sprint2;
			};
			name = Release;
		};
/* End XCBuildConfiguration section */

/* Begin XCConfigurationList section */
		47811E4E2BD69FDB00684F4F /* Build configuration list for PBXProject "Sprint2" */ = {
			isa = XCConfigurationList;
			buildConfigurations = (
				47811E772BD69FDF00684F4F /* Debug */,
				47811E782BD69FDF00684F4F /* Release */,
			);
			defaultConfigurationIsVisible = 0;
			defaultConfigurationName = Release;
		};
		47811E792BD69FDF00684F4F /* Build configuration list for PBXNativeTarget "Sprint2" */ = {
			isa = XCConfigurationList;
			buildConfigurations = (
				47811E7A2BD69FDF00684F4F /* Debug */,
				47811E7B2BD69FDF00684F4F /* Release */,
			);
			defaultConfigurationIsVisible = 0;
			defaultConfigurationName = Release;
		};
		47811E7C2BD69FDF00684F4F /* Build configuration list for PBXNativeTarget "Sprint2Tests" */ = {
			isa = XCConfigurationList;
			buildConfigurations = (
				47811E7D2BD69FDF00684F4F /* Debug */,
				47811E7E2BD69FDF00684F4F /* Release */,
			);
			defaultConfigurationIsVisible = 0;
			defaultConfigurationName = Release;
		};
		47811E7F2BD69FDF00684F4F /* Build configuration list for PBXNativeTarget "Sprint2UITests" */ = {
			isa = XCConfigurationList;
			buildConfigurations = (
				47811E802BD69FDF00684F4F /* Debug */,
				47811E812BD69FDF00684F4F /* Release */,
			);
			defaultConfigurationIsVisible = 0;
			defaultConfigurationName = Release;
		};
/* End XCConfigurationList section */
	};
	rootObject = 47811E4B2BD69FDB00684F4F /* Project object */;
}
